
Microsoft Visual Studio Solution File, Format Version 12.00
# Visual Studio Version 16
VisualStudioVersion = 16.0.29613.14
MinimumVisualStudioVersion = 10.0.40219.1
Project("{FAE04EC0-301F-11D3-BF4B-00C04F79EFBC}") = "IndustryLP", "IndustryLP\IndustryLP.csproj", "{921BBE7F-F5D9-4E20-8AB2-F3EDE97279B5}"
EndProject
Project("{2150E333-8FDC-42A3-9474-1A3956D46DE8}") = "Libraries", "Libraries", "{6C20A9C4-035A-4EA6-B4FC-3ABCB2645223}"
EndProject
Project("{FAE04EC0-301F-11D3-BF4B-00C04F79EFBC}") = "ClingoSharp", "ClingoSharp\src\ClingoSharp\ClingoSharp.csproj", "{6C7E386E-E44D-46F2-9AAB-A0F8D19AFDBF}"
EndProject
Project("{FAE04EC0-301F-11D3-BF4B-00C04F79EFBC}") = "ClingoSharp.CoreServices", "ClingoSharp\src\ClingoSharp.CoreServices\ClingoSharp.CoreServices.csproj", "{4A32F868-4C1F-48A1-A892-D62410A46D27}"
EndProject
Project("{FAE04EC0-301F-11D3-BF4B-00C04F79EFBC}") = "ClingoSharp.NativeWrapper", "ClingoSharp\src\ClingoSharp.NativeWrapper\ClingoSharp.NativeWrapper.csproj", "{DC151E4D-7E1D-4460-B894-39F3829F665E}"
EndProject
Project("{2150E333-8FDC-42A3-9474-1A3956D46DE8}") = "Configuration", "Configuration", "{99ADC3F9-D905-49A4-BBA3-F1A91E09ABA6}"
	ProjectSection(SolutionItems) = preProject
		install.ps1 = install.ps1
		install.sh = install.sh
	EndProjectSection
EndProject
Global
	GlobalSection(SolutionConfigurationPlatforms) = preSolution
		Debug|Any CPU = Debug|Any CPU
		Release|Any CPU = Release|Any CPU
	EndGlobalSection
	GlobalSection(ProjectConfigurationPlatforms) = postSolution
		{921BBE7F-F5D9-4E20-8AB2-F3EDE97279B5}.Debug|Any CPU.ActiveCfg = Debug|Any CPU
		{921BBE7F-F5D9-4E20-8AB2-F3EDE97279B5}.Debug|Any CPU.Build.0 = Debug|Any CPU
		{921BBE7F-F5D9-4E20-8AB2-F3EDE97279B5}.Release|Any CPU.ActiveCfg = Release|Any CPU
		{921BBE7F-F5D9-4E20-8AB2-F3EDE97279B5}.Release|Any CPU.Build.0 = Release|Any CPU
		{6C7E386E-E44D-46F2-9AAB-A0F8D19AFDBF}.Debug|Any CPU.ActiveCfg = Debug|Any CPU
		{6C7E386E-E44D-46F2-9AAB-A0F8D19AFDBF}.Debug|Any CPU.Build.0 = Debug|Any CPU
		{6C7E386E-E44D-46F2-9AAB-A0F8D19AFDBF}.Release|Any CPU.ActiveCfg = Release|Any CPU
		{6C7E386E-E44D-46F2-9AAB-A0F8D19AFDBF}.Release|Any CPU.Build.0 = Release|Any CPU
		{4A32F868-4C1F-48A1-A892-D62410A46D27}.Debug|Any CPU.ActiveCfg = Debug|Any CPU
		{4A32F868-4C1F-48A1-A892-D62410A46D27}.Debug|Any CPU.Build.0 = Debug|Any CPU
		{4A32F868-4C1F-48A1-A892-D62410A46D27}.Release|Any CPU.ActiveCfg = Release|Any CPU
		{4A32F868-4C1F-48A1-A892-D62410A46D27}.Release|Any CPU.Build.0 = Release|Any CPU
		{DC151E4D-7E1D-4460-B894-39F3829F665E}.Debug|Any CPU.ActiveCfg = Debug|Any CPU
		{DC151E4D-7E1D-4460-B894-39F3829F665E}.Debug|Any CPU.Build.0 = Debug|Any CPU
		{DC151E4D-7E1D-4460-B894-39F3829F665E}.Release|Any CPU.ActiveCfg = Release|Any CPU
		{DC151E4D-7E1D-4460-B894-39F3829F665E}.Release|Any CPU.Build.0 = Release|Any CPU
	EndGlobalSection
	GlobalSection(SolutionProperties) = preSolution
		HideSolutionNode = FALSE
	EndGlobalSection
	GlobalSection(NestedProjects) = preSolution
		{6C7E386E-E44D-46F2-9AAB-A0F8D19AFDBF} = {6C20A9C4-035A-4EA6-B4FC-3ABCB2645223}
		{4A32F868-4C1F-48A1-A892-D62410A46D27} = {6C20A9C4-035A-4EA6-B4FC-3ABCB2645223}
		{DC151E4D-7E1D-4460-B894-39F3829F665E} = {6C20A9C4-035A-4EA6-B4FC-3ABCB2645223}
	EndGlobalSection
	GlobalSection(ExtensibilityGlobals) = postSolution
		SolutionGuid = {DBD3929A-C609-41E8-9765-78E527934493}
	EndGlobalSection
EndGlobal
