
Microsoft Visual Studio Solution File, Format Version 12.00
# Visual Studio Version 16
VisualStudioVersion = 16.0.29613.14
MinimumVisualStudioVersion = 10.0.40219.1
Project("{FAE04EC0-301F-11D3-BF4B-00C04F79EFBC}") = "IndustryLP", "IndustryLP\IndustryLP.csproj", "{921BBE7F-F5D9-4E20-8AB2-F3EDE97279B5}"
EndProject
Project("{9A19103F-16F7-4668-BE54-9A1E7A4F7556}") = "IndustryLP.Tests", "IndustryLP.Tests\IndustryLP.Tests.csproj", "{7C6DAE99-03BD-4AC6-AA86-057230CB11EC}"
EndProject
Global
	GlobalSection(SolutionConfigurationPlatforms) = preSolution
		Debug|Any CPU = Debug|Any CPU
		Release|Any CPU = Release|Any CPU
	EndGlobalSection
	GlobalSection(ProjectConfigurationPlatforms) = postSolution
		{921BBE7F-F5D9-4E20-8AB2-F3EDE97279B5}.Debug|Any CPU.ActiveCfg = Debug|Any CPU
		{921BBE7F-F5D9-4E20-8AB2-F3EDE97279B5}.Debug|Any CPU.Build.0 = Debug|Any CPU
		{921BBE7F-F5D9-4E20-8AB2-F3EDE97279B5}.Release|Any CPU.ActiveCfg = Release|Any CPU
		{921BBE7F-F5D9-4E20-8AB2-F3EDE97279B5}.Release|Any CPU.Build.0 = Release|Any CPU
		{7C6DAE99-03BD-4AC6-AA86-057230CB11EC}.Debug|Any CPU.ActiveCfg = Debug|Any CPU
		{7C6DAE99-03BD-4AC6-AA86-057230CB11EC}.Debug|Any CPU.Build.0 = Debug|Any CPU
		{7C6DAE99-03BD-4AC6-AA86-057230CB11EC}.Release|Any CPU.ActiveCfg = Release|Any CPU
		{7C6DAE99-03BD-4AC6-AA86-057230CB11EC}.Release|Any CPU.Build.0 = Release|Any CPU
	EndGlobalSection
	GlobalSection(SolutionProperties) = preSolution
		HideSolutionNode = FALSE
	EndGlobalSection
	GlobalSection(ExtensibilityGlobals) = postSolution
		SolutionGuid = {DBD3929A-C609-41E8-9765-78E527934493}
	EndGlobalSection
EndGlobal
